
Microsoft Visual Studio Solution File, Format Version 12.00
# Visual Studio Version 17
VisualStudioVersion = 17.2.32616.157
MinimumVisualStudioVersion = 10.0.40219.1
Project("{FAE04EC0-301F-11D3-BF4B-00C04F79EFBC}") = "GrillMaster2022", "GrillMaster2022\GrillMaster2022.csproj", "{38524E06-6DB5-4CEE-B342-A5C75D5B245A}"
EndProject
Project("{FAE04EC0-301F-11D3-BF4B-00C04F79EFBC}") = "Tests", "Tests\Tests.csproj", "{1E27F20F-ECC7-4100-82FB-F28EBC6A89D2}"
EndProject
Global
	GlobalSection(SolutionConfigurationPlatforms) = preSolution
		Debug|Any CPU = Debug|Any CPU
		Release|Any CPU = Release|Any CPU
	EndGlobalSection
	GlobalSection(ProjectConfigurationPlatforms) = postSolution
		{38524E06-6DB5-4CEE-B342-A5C75D5B245A}.Debug|Any CPU.ActiveCfg = Debug|Any CPU
		{38524E06-6DB5-4CEE-B342-A5C75D5B245A}.Debug|Any CPU.Build.0 = Debug|Any CPU
		{38524E06-6DB5-4CEE-B342-A5C75D5B245A}.Release|Any CPU.ActiveCfg = Release|Any CPU
		{38524E06-6DB5-4CEE-B342-A5C75D5B245A}.Release|Any CPU.Build.0 = Release|Any CPU
		{1E27F20F-ECC7-4100-82FB-F28EBC6A89D2}.Debug|Any CPU.ActiveCfg = Debug|Any CPU
		{1E27F20F-ECC7-4100-82FB-F28EBC6A89D2}.Debug|Any CPU.Build.0 = Debug|Any CPU
		{1E27F20F-ECC7-4100-82FB-F28EBC6A89D2}.Release|Any CPU.ActiveCfg = Release|Any CPU
		{1E27F20F-ECC7-4100-82FB-F28EBC6A89D2}.Release|Any CPU.Build.0 = Release|Any CPU
	EndGlobalSection
	GlobalSection(SolutionProperties) = preSolution
		HideSolutionNode = FALSE
	EndGlobalSection
	GlobalSection(ExtensibilityGlobals) = postSolution
		SolutionGuid = {0181F62A-5B84-4811-8C6F-602C8CDFA6FC}
	EndGlobalSection
EndGlobal
