
Microsoft Visual Studio Solution File, Format Version 12.00
# Visual Studio Version 17
VisualStudioVersion = 17.2.32616.157
MinimumVisualStudioVersion = 10.0.40219.1
Project("{FAE04EC0-301F-11D3-BF4B-00C04F79EFBC}") = "GrillMaster.Data", "GrillMaster.Data\GrillMaster.Data.csproj", "{FB54ABEE-C105-4A9E-8857-E61BC5DBB930}"
EndProject
Project("{9A19103F-16F7-4668-BE54-9A1E7A4F7556}") = "GrillMaster.API", "GrillMaster.API\GrillMaster.API.csproj", "{2E9E7991-020E-42E5-B184-192A76D0C8CA}"
EndProject
Project("{9A19103F-16F7-4668-BE54-9A1E7A4F7556}") = "GrillMaster.Client", "GrillMaster.Client\GrillMaster.Client.csproj", "{9CAB9004-1E7B-4DD6-9BFD-D9D5262BF9C6}"
EndProject
Project("{9A19103F-16F7-4668-BE54-9A1E7A4F7556}") = "GrillMaster.CLI", "GrillMaster.CLI\GrillMaster.CLI.csproj", "{D469AD91-D2D0-46C5-BA59-7676FE92A623}"
EndProject
Project("{9A19103F-16F7-4668-BE54-9A1E7A4F7556}") = "Tests", "Tests\Tests.csproj", "{04B342AC-FC36-4C58-9D6D-53DE3F31F204}"
EndProject
Global
	GlobalSection(SolutionConfigurationPlatforms) = preSolution
		Debug|Any CPU = Debug|Any CPU
		Release|Any CPU = Release|Any CPU
	EndGlobalSection
	GlobalSection(ProjectConfigurationPlatforms) = postSolution
		{2E9E7991-020E-42E5-B184-192A76D0C8CA}.Debug|Any CPU.ActiveCfg = Debug|Any CPU
		{2E9E7991-020E-42E5-B184-192A76D0C8CA}.Debug|Any CPU.Build.0 = Debug|Any CPU
		{2E9E7991-020E-42E5-B184-192A76D0C8CA}.Release|Any CPU.ActiveCfg = Release|Any CPU
		{2E9E7991-020E-42E5-B184-192A76D0C8CA}.Release|Any CPU.Build.0 = Release|Any CPU
		{9CAB9004-1E7B-4DD6-9BFD-D9D5262BF9C6}.Debug|Any CPU.ActiveCfg = Debug|Any CPU
		{9CAB9004-1E7B-4DD6-9BFD-D9D5262BF9C6}.Debug|Any CPU.Build.0 = Debug|Any CPU
		{9CAB9004-1E7B-4DD6-9BFD-D9D5262BF9C6}.Release|Any CPU.ActiveCfg = Release|Any CPU
		{9CAB9004-1E7B-4DD6-9BFD-D9D5262BF9C6}.Release|Any CPU.Build.0 = Release|Any CPU
		{D469AD91-D2D0-46C5-BA59-7676FE92A623}.Debug|Any CPU.ActiveCfg = Debug|Any CPU
		{D469AD91-D2D0-46C5-BA59-7676FE92A623}.Debug|Any CPU.Build.0 = Debug|Any CPU
		{D469AD91-D2D0-46C5-BA59-7676FE92A623}.Release|Any CPU.ActiveCfg = Release|Any CPU
		{D469AD91-D2D0-46C5-BA59-7676FE92A623}.Release|Any CPU.Build.0 = Release|Any CPU
		{04B342AC-FC36-4C58-9D6D-53DE3F31F204}.Debug|Any CPU.ActiveCfg = Debug|Any CPU
		{04B342AC-FC36-4C58-9D6D-53DE3F31F204}.Debug|Any CPU.Build.0 = Debug|Any CPU
		{04B342AC-FC36-4C58-9D6D-53DE3F31F204}.Release|Any CPU.ActiveCfg = Release|Any CPU
		{04B342AC-FC36-4C58-9D6D-53DE3F31F204}.Release|Any CPU.Build.0 = Release|Any CPU
		{FB54ABEE-C105-4A9E-8857-E61BC5DBB930}.Debug|Any CPU.ActiveCfg = Debug|Any CPU
		{FB54ABEE-C105-4A9E-8857-E61BC5DBB930}.Debug|Any CPU.Build.0 = Debug|Any CPU
		{FB54ABEE-C105-4A9E-8857-E61BC5DBB930}.Release|Any CPU.ActiveCfg = Release|Any CPU
		{FB54ABEE-C105-4A9E-8857-E61BC5DBB930}.Release|Any CPU.Build.0 = Release|Any CPU
	EndGlobalSection
	GlobalSection(SolutionProperties) = preSolution
		HideSolutionNode = FALSE
	EndGlobalSection
	GlobalSection(ExtensibilityGlobals) = postSolution
		SolutionGuid = {0181F62A-5B84-4811-8C6F-602C8CDFA6FC}
	EndGlobalSection
EndGlobal
